<?xml version="1.0" encoding="utf-8"?>
<Project ToolsVersion="4.0" xmlns="http://schemas.microsoft.com/developer/msbuild/2003">
  <ItemGroup>
    <Filter Include="Source Files">
      <UniqueIdentifier>{4FC737F1-C7A5-4376-A066-2A32D752A2FF}</UniqueIdentifier>
      <Extensions>cpp;c;cc;cxx;def;odl;idl;hpj;bat;asm;asmx</Extensions>
    </Filter>
    <Filter Include="Header Files">
      <UniqueIdentifier>{93995380-89BD-4b04-88EB-625FBE52EBFB}</UniqueIdentifier>
      <Extensions>h;hpp;hxx;hm;inl;inc;xsd</Extensions>
    </Filter>
    <Filter Include="Resource Files">
      <UniqueIdentifier>{67DA6AB6-F800-4c08-8B7A-83BB121AAD01}</UniqueIdentifier>
      <Extensions>rc;ico;cur;bmp;dlg;rc2;rct;bin;rgs;gif;jpg;jpeg;jpe;resx;tiff;tif;png;wav</Extensions>
    </Filter>
    <Filter Include="Blocks">
      <UniqueIdentifier>{DC839CAD-BFA7-4101-8B73-CEC347870167}</UniqueIdentifier>
    </Filter>
    <Filter Include="Blocks\BluecadetUtils">
      <UniqueIdentifier>{A054A911-AA88-407E-8CB0-CE0FAA7264E4}</UniqueIdentifier>
    </Filter>
    <Filter Include="Blocks\BluecadetUtils\src">
      <UniqueIdentifier>{7CCF6143-9C78-4EB2-B47A-92D4E49A025A}</UniqueIdentifier>
    </Filter>
  </ItemGroup>
  <ItemGroup>
    <ClCompile Include="..\src\ThreadedTaskQueueSampleApp.cpp">
      <Filter>Source Files</Filter>
    </ClCompile>
    <ClCompile Include="..\src\ThreadedTaskQueueSampleApp.cpp">
      <Filter>Source Files</Filter>
    </ClCompile>
    <ClInclude Include="..\include\Resources.h">
      <Filter>Header Files</Filter>
    </ClInclude>
    <ClCompile Include="..\..\..\src\bluecadet\utils\AsyncImageLoader.cpp">
      <Filter>Blocks\BluecadetUtils\src</Filter>
    </ClCompile>
    <ClCompile Include="..\..\..\src\bluecadet\utils\Histogram.cpp">
      <Filter>Blocks\BluecadetUtils\src</Filter>
    </ClCompile>
    <ClCompile Include="..\..\..\src\bluecadet\utils\ImageManager.cpp">
      <Filter>Blocks\BluecadetUtils\src</Filter>
    </ClCompile>
    <ClCompile Include="..\..\..\src\bluecadet\utils\ShaderManager.cpp">
      <Filter>Blocks\BluecadetUtils\src</Filter>
    </ClCompile>
    <ClCompile Include="..\..\..\src\bluecadet\utils\ThreadedTaskQueue.cpp">
      <Filter>Blocks\BluecadetUtils\src</Filter>
    </ClCompile>
    <ClCompile Include="..\..\..\src\bluecadet\utils\TimedTaskQueue.cpp">
      <Filter>Blocks\BluecadetUtils\src</Filter>
    </ClCompile>
  </ItemGroup>
  <ItemGroup>
    <ClInclude Include="..\include\Resources.h">
      <Filter>Header Files</Filter>
    </ClInclude>
    <ClInclude Include="..\..\..\src\bluecadet\utils\AsyncImageLoader.h">
      <Filter>Blocks\BluecadetUtils\src</Filter>
    </ClInclude>
    <ClInclude Include="..\..\..\src\bluecadet\utils\Histogram.h">
      <Filter>Blocks\BluecadetUtils\src</Filter>
    </ClInclude>
    <ClInclude Include="..\..\..\src\bluecadet\utils\ImageManager.h">
      <Filter>Blocks\BluecadetUtils\src</Filter>
    </ClInclude>
    <ClInclude Include="..\..\..\src\bluecadet\utils\ShaderManager.h">
      <Filter>Blocks\BluecadetUtils\src</Filter>
    </ClInclude>
    <ClInclude Include="..\..\..\src\bluecadet\utils\ThreadedTaskQueue.h">
      <Filter>Blocks\BluecadetUtils\src</Filter>
    </ClInclude>
    <ClInclude Include="..\..\..\src\bluecadet\utils\TimedTaskQueue.h">
      <Filter>Blocks\BluecadetUtils\src</Filter>
    </ClInclude>
  </ItemGroup>
  <ItemGroup>
    <ResourceCompile Include="Resources.rc">
      <Filter>Resource Files</Filter>
    </ResourceCompile>
  </ItemGroup>
</Project>